// !$*UTF8*$!
{
	archiveVersion = 1;
	classes = {
	};
	objectVersion = 50;
	objects = {

/* Begin PBXBuildFile section */
		7665890222F27A3D00A56FB7 /* AppDelegate.swift in Sources */ = {isa = PBXBuildFile; fileRef = 7665890122F27A3D00A56FB7 /* AppDelegate.swift */; };
		7665890422F27A3D00A56FB7 /* ViewController.swift in Sources */ = {isa = PBXBuildFile; fileRef = 7665890322F27A3D00A56FB7 /* ViewController.swift */; };
		7665890722F27A3D00A56FB7 /* Main.storyboard in Resources */ = {isa = PBXBuildFile; fileRef = 7665890522F27A3D00A56FB7 /* Main.storyboard */; };
		7665890A22F27A3D00A56FB7 /* PetHealth_iOS.xcdatamodeld in Sources */ = {isa = PBXBuildFile; fileRef = 7665890822F27A3D00A56FB7 /* PetHealth_iOS.xcdatamodeld */; };
		7665890C22F27A3E00A56FB7 /* Assets.xcassets in Resources */ = {isa = PBXBuildFile; fileRef = 7665890B22F27A3E00A56FB7 /* Assets.xcassets */; };
		7665890F22F27A3E00A56FB7 /* LaunchScreen.storyboard in Resources */ = {isa = PBXBuildFile; fileRef = 7665890D22F27A3E00A56FB7 /* LaunchScreen.storyboard */; };
		7665891A22F27A3E00A56FB7 /* PetHealth_iOSTests.swift in Sources */ = {isa = PBXBuildFile; fileRef = 7665891922F27A3E00A56FB7 /* PetHealth_iOSTests.swift */; };
		7665892522F27A3E00A56FB7 /* PetHealth_iOSUITests.swift in Sources */ = {isa = PBXBuildFile; fileRef = 7665892422F27A3E00A56FB7 /* PetHealth_iOSUITests.swift */; };
/* End PBXBuildFile section */

/* Begin PBXContainerItemProxy section */
		7665891622F27A3E00A56FB7 /* PBXContainerItemProxy */ = {
			isa = PBXContainerItemProxy;
			containerPortal = 766588F622F27A3D00A56FB7 /* Project object */;
			proxyType = 1;
			remoteGlobalIDString = 766588FD22F27A3D00A56FB7;
			remoteInfo = PetHealth_iOS;
		};
		7665892122F27A3E00A56FB7 /* PBXContainerItemProxy */ = {
			isa = PBXContainerItemProxy;
			containerPortal = 766588F622F27A3D00A56FB7 /* Project object */;
			proxyType = 1;
			remoteGlobalIDString = 766588FD22F27A3D00A56FB7;
			remoteInfo = PetHealth_iOS;
		};
/* End PBXContainerItemProxy section */

/* Begin PBXFileReference section */
		766588FE22F27A3D00A56FB7 /* PetHealth_iOS.app */ = {isa = PBXFileReference; explicitFileType = wrapper.application; includeInIndex = 0; path = PetHealth_iOS.app; sourceTree = BUILT_PRODUCTS_DIR; };
		7665890122F27A3D00A56FB7 /* AppDelegate.swift */ = {isa = PBXFileReference; lastKnownFileType = sourcecode.swift; path = AppDelegate.swift; sourceTree = "<group>"; };
		7665890322F27A3D00A56FB7 /* ViewController.swift */ = {isa = PBXFileReference; lastKnownFileType = sourcecode.swift; path = ViewController.swift; sourceTree = "<group>"; };
		7665890622F27A3D00A56FB7 /* Base */ = {isa = PBXFileReference; lastKnownFileType = file.storyboard; name = Base; path = Base.lproj/Main.storyboard; sourceTree = "<group>"; };
		7665890922F27A3D00A56FB7 /* PetHealth_iOS.xcdatamodel */ = {isa = PBXFileReference; lastKnownFileType = wrapper.xcdatamodel; path = PetHealth_iOS.xcdatamodel; sourceTree = "<group>"; };
		7665890B22F27A3E00A56FB7 /* Assets.xcassets */ = {isa = PBXFileReference; lastKnownFileType = folder.assetcatalog; path = Assets.xcassets; sourceTree = "<group>"; };
		7665890E22F27A3E00A56FB7 /* Base */ = {isa = PBXFileReference; lastKnownFileType = file.storyboard; name = Base; path = Base.lproj/LaunchScreen.storyboard; sourceTree = "<group>"; };
		7665891022F27A3E00A56FB7 /* Info.plist */ = {isa = PBXFileReference; lastKnownFileType = text.plist.xml; path = Info.plist; sourceTree = "<group>"; };
		7665891522F27A3E00A56FB7 /* PetHealth_iOSTests.xctest */ = {isa = PBXFileReference; explicitFileType = wrapper.cfbundle; includeInIndex = 0; path = PetHealth_iOSTests.xctest; sourceTree = BUILT_PRODUCTS_DIR; };
		7665891922F27A3E00A56FB7 /* PetHealth_iOSTests.swift */ = {isa = PBXFileReference; lastKnownFileType = sourcecode.swift; path = PetHealth_iOSTests.swift; sourceTree = "<group>"; };
		7665891B22F27A3E00A56FB7 /* Info.plist */ = {isa = PBXFileReference; lastKnownFileType = text.plist.xml; path = Info.plist; sourceTree = "<group>"; };
		7665892022F27A3E00A56FB7 /* PetHealth_iOSUITests.xctest */ = {isa = PBXFileReference; explicitFileType = wrapper.cfbundle; includeInIndex = 0; path = PetHealth_iOSUITests.xctest; sourceTree = BUILT_PRODUCTS_DIR; };
		7665892422F27A3E00A56FB7 /* PetHealth_iOSUITests.swift */ = {isa = PBXFileReference; lastKnownFileType = sourcecode.swift; path = PetHealth_iOSUITests.swift; sourceTree = "<group>"; };
		7665892622F27A3E00A56FB7 /* Info.plist */ = {isa = PBXFileReference; lastKnownFileType = text.plist.xml; path = Info.plist; sourceTree = "<group>"; };
/* End PBXFileReference section */

/* Begin PBXFrameworksBuildPhase section */
		766588FB22F27A3D00A56FB7 /* Frameworks */ = {
			isa = PBXFrameworksBuildPhase;
			buildActionMask = 2147483647;
			files = (
			);
			runOnlyForDeploymentPostprocessing = 0;
		};
		7665891222F27A3E00A56FB7 /* Frameworks */ = {
			isa = PBXFrameworksBuildPhase;
			buildActionMask = 2147483647;
			files = (
			);
			runOnlyForDeploymentPostprocessing = 0;
		};
		7665891D22F27A3E00A56FB7 /* Frameworks */ = {
			isa = PBXFrameworksBuildPhase;
			buildActionMask = 2147483647;
			files = (
			);
			runOnlyForDeploymentPostprocessing = 0;
		};
/* End PBXFrameworksBuildPhase section */

/* Begin PBXGroup section */
		766588F522F27A3D00A56FB7 = {
			isa = PBXGroup;
			children = (
				7665890022F27A3D00A56FB7 /* PetHealth_iOS */,
				7665891822F27A3E00A56FB7 /* PetHealth_iOSTests */,
				7665892322F27A3E00A56FB7 /* PetHealth_iOSUITests */,
				766588FF22F27A3D00A56FB7 /* Products */,
			);
			sourceTree = "<group>";
		};
		766588FF22F27A3D00A56FB7 /* Products */ = {
			isa = PBXGroup;
			children = (
				766588FE22F27A3D00A56FB7 /* PetHealth_iOS.app */,
				7665891522F27A3E00A56FB7 /* PetHealth_iOSTests.xctest */,
				7665892022F27A3E00A56FB7 /* PetHealth_iOSUITests.xctest */,
			);
			name = Products;
			sourceTree = "<group>";
		};
		7665890022F27A3D00A56FB7 /* PetHealth_iOS */ = {
			isa = PBXGroup;
			children = (
				7665890122F27A3D00A56FB7 /* AppDelegate.swift */,
				7665890322F27A3D00A56FB7 /* ViewController.swift */,
				7665890522F27A3D00A56FB7 /* Main.storyboard */,
				7665890B22F27A3E00A56FB7 /* Assets.xcassets */,
				7665890D22F27A3E00A56FB7 /* LaunchScreen.storyboard */,
				7665891022F27A3E00A56FB7 /* Info.plist */,
				7665890822F27A3D00A56FB7 /* PetHealth_iOS.xcdatamodeld */,
			);
			path = PetHealth_iOS;
			sourceTree = "<group>";
		};
		7665891822F27A3E00A56FB7 /* PetHealth_iOSTests */ = {
			isa = PBXGroup;
			children = (
				7665891922F27A3E00A56FB7 /* PetHealth_iOSTests.swift */,
				7665891B22F27A3E00A56FB7 /* Info.plist */,
			);
			path = PetHealth_iOSTests;
			sourceTree = "<group>";
		};
		7665892322F27A3E00A56FB7 /* PetHealth_iOSUITests */ = {
			isa = PBXGroup;
			children = (
				7665892422F27A3E00A56FB7 /* PetHealth_iOSUITests.swift */,
				7665892622F27A3E00A56FB7 /* Info.plist */,
			);
			path = PetHealth_iOSUITests;
			sourceTree = "<group>";
		};
/* End PBXGroup section */

/* Begin PBXNativeTarget section */
		766588FD22F27A3D00A56FB7 /* PetHealth_iOS */ = {
			isa = PBXNativeTarget;
			buildConfigurationList = 7665892922F27A3E00A56FB7 /* Build configuration list for PBXNativeTarget "PetHealth_iOS" */;
			buildPhases = (
				766588FA22F27A3D00A56FB7 /* Sources */,
				766588FB22F27A3D00A56FB7 /* Frameworks */,
				766588FC22F27A3D00A56FB7 /* Resources */,
			);
			buildRules = (
			);
			dependencies = (
			);
			name = PetHealth_iOS;
			productName = PetHealth_iOS;
			productReference = 766588FE22F27A3D00A56FB7 /* PetHealth_iOS.app */;
			productType = "com.apple.product-type.application";
		};
		7665891422F27A3E00A56FB7 /* PetHealth_iOSTests */ = {
			isa = PBXNativeTarget;
			buildConfigurationList = 7665892C22F27A3E00A56FB7 /* Build configuration list for PBXNativeTarget "PetHealth_iOSTests" */;
			buildPhases = (
				7665891122F27A3E00A56FB7 /* Sources */,
				7665891222F27A3E00A56FB7 /* Frameworks */,
				7665891322F27A3E00A56FB7 /* Resources */,
			);
			buildRules = (
			);
			dependencies = (
				7665891722F27A3E00A56FB7 /* PBXTargetDependency */,
			);
			name = PetHealth_iOSTests;
			productName = PetHealth_iOSTests;
			productReference = 7665891522F27A3E00A56FB7 /* PetHealth_iOSTests.xctest */;
			productType = "com.apple.product-type.bundle.unit-test";
		};
		7665891F22F27A3E00A56FB7 /* PetHealth_iOSUITests */ = {
			isa = PBXNativeTarget;
			buildConfigurationList = 7665892F22F27A3E00A56FB7 /* Build configuration list for PBXNativeTarget "PetHealth_iOSUITests" */;
			buildPhases = (
				7665891C22F27A3E00A56FB7 /* Sources */,
				7665891D22F27A3E00A56FB7 /* Frameworks */,
				7665891E22F27A3E00A56FB7 /* Resources */,
			);
			buildRules = (
			);
			dependencies = (
				7665892222F27A3E00A56FB7 /* PBXTargetDependency */,
			);
			name = PetHealth_iOSUITests;
			productName = PetHealth_iOSUITests;
			productReference = 7665892022F27A3E00A56FB7 /* PetHealth_iOSUITests.xctest */;
			productType = "com.apple.product-type.bundle.ui-testing";
		};
/* End PBXNativeTarget section */

/* Begin PBXProject section */
		766588F622F27A3D00A56FB7 /* Project object */ = {
			isa = PBXProject;
			attributes = {
				LastSwiftUpdateCheck = 1030;
				LastUpgradeCheck = 1030;
				ORGANIZATIONNAME = PetHealth;
				TargetAttributes = {
					766588FD22F27A3D00A56FB7 = {
						CreatedOnToolsVersion = 10.3;
					};
					7665891422F27A3E00A56FB7 = {
						CreatedOnToolsVersion = 10.3;
						TestTargetID = 766588FD22F27A3D00A56FB7;
					};
					7665891F22F27A3E00A56FB7 = {
						CreatedOnToolsVersion = 10.3;
						TestTargetID = 766588FD22F27A3D00A56FB7;
					};
				};
			};
			buildConfigurationList = 766588F922F27A3D00A56FB7 /* Build configuration list for PBXProject "PetHealth_iOS" */;
			compatibilityVersion = "Xcode 9.3";
			developmentRegion = en;
			hasScannedForEncodings = 0;
			knownRegions = (
				en,
				Base,
			);
			mainGroup = 766588F522F27A3D00A56FB7;
			productRefGroup = 766588FF22F27A3D00A56FB7 /* Products */;
			projectDirPath = "";
			projectRoot = "";
			targets = (
				766588FD22F27A3D00A56FB7 /* PetHealth_iOS */,
				7665891422F27A3E00A56FB7 /* PetHealth_iOSTests */,
				7665891F22F27A3E00A56FB7 /* PetHealth_iOSUITests */,
			);
		};
/* End PBXProject section */

/* Begin PBXResourcesBuildPhase section */
		766588FC22F27A3D00A56FB7 /* Resources */ = {
			isa = PBXResourcesBuildPhase;
			buildActionMask = 2147483647;
			files = (
				7665890F22F27A3E00A56FB7 /* LaunchScreen.storyboard in Resources */,
				7665890C22F27A3E00A56FB7 /* Assets.xcassets in Resources */,
				7665890722F27A3D00A56FB7 /* Main.storyboard in Resources */,
			);
			runOnlyForDeploymentPostprocessing = 0;
		};
		7665891322F27A3E00A56FB7 /* Resources */ = {
			isa = PBXResourcesBuildPhase;
			buildActionMask = 2147483647;
			files = (
			);
			runOnlyForDeploymentPostprocessing = 0;
		};
		7665891E22F27A3E00A56FB7 /* Resources */ = {
			isa = PBXResourcesBuildPhase;
			buildActionMask = 2147483647;
			files = (
			);
			runOnlyForDeploymentPostprocessing = 0;
		};
/* End PBXResourcesBuildPhase section */

/* Begin PBXSourcesBuildPhase section */
		766588FA22F27A3D00A56FB7 /* Sources */ = {
			isa = PBXSourcesBuildPhase;
			buildActionMask = 2147483647;
			files = (
				7665890A22F27A3D00A56FB7 /* PetHealth_iOS.xcdatamodeld in Sources */,
				7665890422F27A3D00A56FB7 /* ViewController.swift in Sources */,
				7665890222F27A3D00A56FB7 /* AppDelegate.swift in Sources */,
			);
			runOnlyForDeploymentPostprocessing = 0;
		};
		7665891122F27A3E00A56FB7 /* Sources */ = {
			isa = PBXSourcesBuildPhase;
			buildActionMask = 2147483647;
			files = (
				7665891A22F27A3E00A56FB7 /* PetHealth_iOSTests.swift in Sources */,
			);
			runOnlyForDeploymentPostprocessing = 0;
		};
		7665891C22F27A3E00A56FB7 /* Sources */ = {
			isa = PBXSourcesBuildPhase;
			buildActionMask = 2147483647;
			files = (
				7665892522F27A3E00A56FB7 /* PetHealth_iOSUITests.swift in Sources */,
			);
			runOnlyForDeploymentPostprocessing = 0;
		};
/* End PBXSourcesBuildPhase section */

/* Begin PBXTargetDependency section */
		7665891722F27A3E00A56FB7 /* PBXTargetDependency */ = {
			isa = PBXTargetDependency;
			target = 766588FD22F27A3D00A56FB7 /* PetHealth_iOS */;
			targetProxy = 7665891622F27A3E00A56FB7 /* PBXContainerItemProxy */;
		};
		7665892222F27A3E00A56FB7 /* PBXTargetDependency */ = {
			isa = PBXTargetDependency;
			target = 766588FD22F27A3D00A56FB7 /* PetHealth_iOS */;
			targetProxy = 7665892122F27A3E00A56FB7 /* PBXContainerItemProxy */;
		};
/* End PBXTargetDependency section */

/* Begin PBXVariantGroup section */
		7665890522F27A3D00A56FB7 /* Main.storyboard */ = {
			isa = PBXVariantGroup;
			children = (
				7665890622F27A3D00A56FB7 /* Base */,
			);
			name = Main.storyboard;
			sourceTree = "<group>";
		};
		7665890D22F27A3E00A56FB7 /* LaunchScreen.storyboard */ = {
			isa = PBXVariantGroup;
			children = (
				7665890E22F27A3E00A56FB7 /* Base */,
			);
			name = LaunchScreen.storyboard;
			sourceTree = "<group>";
		};
/* End PBXVariantGroup section */

/* Begin XCBuildConfiguration section */
		7665892722F27A3E00A56FB7 /* Debug */ = {
			isa = XCBuildConfiguration;
			buildSettings = {
				ALWAYS_SEARCH_USER_PATHS = NO;
				CLANG_ANALYZER_NONNULL = YES;
				CLANG_ANALYZER_NUMBER_OBJECT_CONVERSION = YES_AGGRESSIVE;
				CLANG_CXX_LANGUAGE_STANDARD = "gnu++14";
				CLANG_CXX_LIBRARY = "libc++";
				CLANG_ENABLE_MODULES = YES;
				CLANG_ENABLE_OBJC_ARC = YES;
				CLANG_ENABLE_OBJC_WEAK = YES;
				CLANG_WARN_BLOCK_CAPTURE_AUTORELEASING = YES;
				CLANG_WARN_BOOL_CONVERSION = YES;
				CLANG_WARN_COMMA = YES;
				CLANG_WARN_CONSTANT_CONVERSION = YES;
				CLANG_WARN_DEPRECATED_OBJC_IMPLEMENTATIONS = YES;
				CLANG_WARN_DIRECT_OBJC_ISA_USAGE = YES_ERROR;
				CLANG_WARN_DOCUMENTATION_COMMENTS = YES;
				CLANG_WARN_EMPTY_BODY = YES;
				CLANG_WARN_ENUM_CONVERSION = YES;
				CLANG_WARN_INFINITE_RECURSION = YES;
				CLANG_WARN_INT_CONVERSION = YES;
				CLANG_WARN_NON_LITERAL_NULL_CONVERSION = YES;
				CLANG_WARN_OBJC_IMPLICIT_RETAIN_SELF = YES;
				CLANG_WARN_OBJC_LITERAL_CONVERSION = YES;
				CLANG_WARN_OBJC_ROOT_CLASS = YES_ERROR;
				CLANG_WARN_RANGE_LOOP_ANALYSIS = YES;
				CLANG_WARN_STRICT_PROTOTYPES = YES;
				CLANG_WARN_SUSPICIOUS_MOVE = YES;
				CLANG_WARN_UNGUARDED_AVAILABILITY = YES_AGGRESSIVE;
				CLANG_WARN_UNREACHABLE_CODE = YES;
				CLANG_WARN__DUPLICATE_METHOD_MATCH = YES;
				CODE_SIGN_IDENTITY = "iPhone Developer";
				COPY_PHASE_STRIP = NO;
				DEBUG_INFORMATION_FORMAT = dwarf;
				ENABLE_STRICT_OBJC_MSGSEND = YES;
				ENABLE_TESTABILITY = YES;
				GCC_C_LANGUAGE_STANDARD = gnu11;
				GCC_DYNAMIC_NO_PIC = NO;
				GCC_NO_COMMON_BLOCKS = YES;
				GCC_OPTIMIZATION_LEVEL = 0;
				GCC_PREPROCESSOR_DEFINITIONS = (
					"DEBUG=1",
					"$(inherited)",
				);
				GCC_WARN_64_TO_32_BIT_CONVERSION = YES;
				GCC_WARN_ABOUT_RETURN_TYPE = YES_ERROR;
				GCC_WARN_UNDECLARED_SELECTOR = YES;
				GCC_WARN_UNINITIALIZED_AUTOS = YES_AGGRESSIVE;
				GCC_WARN_UNUSED_FUNCTION = YES;
				GCC_WARN_UNUSED_VARIABLE = YES;
				IPHONEOS_DEPLOYMENT_TARGET = 12.4;
				MTL_ENABLE_DEBUG_INFO = INCLUDE_SOURCE;
				MTL_FAST_MATH = YES;
				ONLY_ACTIVE_ARCH = YES;
				SDKROOT = iphoneos;
				SWIFT_ACTIVE_COMPILATION_CONDITIONS = DEBUG;
				SWIFT_OPTIMIZATION_LEVEL = "-Onone";
			};
			name = Debug;
		};
		7665892822F27A3E00A56FB7 /* Release */ = {
			isa = XCBuildConfiguration;
			buildSettings = {
				ALWAYS_SEARCH_USER_PATHS = NO;
				CLANG_ANALYZER_NONNULL = YES;
				CLANG_ANALYZER_NUMBER_OBJECT_CONVERSION = YES_AGGRESSIVE;
				CLANG_CXX_LANGUAGE_STANDARD = "gnu++14";
				CLANG_CXX_LIBRARY = "libc++";
				CLANG_ENABLE_MODULES = YES;
				CLANG_ENABLE_OBJC_ARC = YES;
				CLANG_ENABLE_OBJC_WEAK = YES;
				CLANG_WARN_BLOCK_CAPTURE_AUTORELEASING = YES;
				CLANG_WARN_BOOL_CONVERSION = YES;
				CLANG_WARN_COMMA = YES;
				CLANG_WARN_CONSTANT_CONVERSION = YES;
				CLANG_WARN_DEPRECATED_OBJC_IMPLEMENTATIONS = YES;
				CLANG_WARN_DIRECT_OBJC_ISA_USAGE = YES_ERROR;
				CLANG_WARN_DOCUMENTATION_COMMENTS = YES;
				CLANG_WARN_EMPTY_BODY = YES;
				CLANG_WARN_ENUM_CONVERSION = YES;
				CLANG_WARN_INFINITE_RECURSION = YES;
				CLANG_WARN_INT_CONVERSION = YES;
				CLANG_WARN_NON_LITERAL_NULL_CONVERSION = YES;
				CLANG_WARN_OBJC_IMPLICIT_RETAIN_SELF = YES;
				CLANG_WARN_OBJC_LITERAL_CONVERSION = YES;
				CLANG_WARN_OBJC_ROOT_CLASS = YES_ERROR;
				CLANG_WARN_RANGE_LOOP_ANALYSIS = YES;
				CLANG_WARN_STRICT_PROTOTYPES = YES;
				CLANG_WARN_SUSPICIOUS_MOVE = YES;
				CLANG_WARN_UNGUARDED_AVAILABILITY = YES_AGGRESSIVE;
				CLANG_WARN_UNREACHABLE_CODE = YES;
				CLANG_WARN__DUPLICATE_METHOD_MATCH = YES;
				CODE_SIGN_IDENTITY = "iPhone Developer";
				COPY_PHASE_STRIP = NO;
				DEBUG_INFORMATION_FORMAT = "dwarf-with-dsym";
				ENABLE_NS_ASSERTIONS = NO;
				ENABLE_STRICT_OBJC_MSGSEND = YES;
				GCC_C_LANGUAGE_STANDARD = gnu11;
				GCC_NO_COMMON_BLOCKS = YES;
				GCC_WARN_64_TO_32_BIT_CONVERSION = YES;
				GCC_WARN_ABOUT_RETURN_TYPE = YES_ERROR;
				GCC_WARN_UNDECLARED_SELECTOR = YES;
				GCC_WARN_UNINITIALIZED_AUTOS = YES_AGGRESSIVE;
				GCC_WARN_UNUSED_FUNCTION = YES;
				GCC_WARN_UNUSED_VARIABLE = YES;
				IPHONEOS_DEPLOYMENT_TARGET = 12.4;
				MTL_ENABLE_DEBUG_INFO = NO;
				MTL_FAST_MATH = YES;
				SDKROOT = iphoneos;
				SWIFT_COMPILATION_MODE = wholemodule;
				SWIFT_OPTIMIZATION_LEVEL = "-O";
				VALIDATE_PRODUCT = YES;
			};
			name = Release;
		};
		7665892A22F27A3E00A56FB7 /* Debug */ = {
			isa = XCBuildConfiguration;
			buildSettings = {
				ASSETCATALOG_COMPILER_APPICON_NAME = AppIcon;
				CODE_SIGN_STYLE = Automatic;
				DEVELOPMENT_TEAM = P25XQ256JU;
				INFOPLIST_FILE = PetHealth_iOS/Info.plist;
				LD_RUNPATH_SEARCH_PATHS = (
					"$(inherited)",
					"@executable_path/Frameworks",
				);
				PRODUCT_BUNDLE_IDENTIFIER = "com.pe.upc.PetHealth-iOS";
				PRODUCT_NAME = "$(TARGET_NAME)";
				SWIFT_VERSION = 5.0;
				TARGETED_DEVICE_FAMILY = "1,2";
			};
			name = Debug;
		};
		7665892B22F27A3E00A56FB7 /* Release */ = {
			isa = XCBuildConfiguration;
			buildSettings = {
				ASSETCATALOG_COMPILER_APPICON_NAME = AppIcon;
				CODE_SIGN_STYLE = Automatic;
				DEVELOPMENT_TEAM = P25XQ256JU;
				INFOPLIST_FILE = PetHealth_iOS/Info.plist;
				LD_RUNPATH_SEARCH_PATHS = (
					"$(inherited)",
					"@executable_path/Frameworks",
				);
				PRODUCT_BUNDLE_IDENTIFIER = "com.pe.upc.PetHealth-iOS";
				PRODUCT_NAME = "$(TARGET_NAME)";
				SWIFT_VERSION = 5.0;
				TARGETED_DEVICE_FAMILY = "1,2";
			};
			name = Release;
		};
		7665892D22F27A3E00A56FB7 /* Debug */ = {
			isa = XCBuildConfiguration;
			buildSettings = {
				ALWAYS_EMBED_SWIFT_STANDARD_LIBRARIES = YES;
				BUNDLE_LOADER = "$(TEST_HOST)";
				CODE_SIGN_STYLE = Automatic;
				DEVELOPMENT_TEAM = P25XQ256JU;
				INFOPLIST_FILE = PetHealth_iOSTests/Info.plist;
				LD_RUNPATH_SEARCH_PATHS = (
					"$(inherited)",
					"@executable_path/Frameworks",
					"@loader_path/Frameworks",
				);
				PRODUCT_BUNDLE_IDENTIFIER = "com.pe.upc.PetHealth-iOSTests";
				PRODUCT_NAME = "$(TARGET_NAME)";
				SWIFT_VERSION = 5.0;
				TARGETED_DEVICE_FAMILY = "1,2";
				TEST_HOST = "$(BUILT_PRODUCTS_DIR)/PetHealth_iOS.app/PetHealth_iOS";
			};
			name = Debug;
		};
		7665892E22F27A3E00A56FB7 /* Release */ = {
			isa = XCBuildConfiguration;
			buildSettings = {
				ALWAYS_EMBED_SWIFT_STANDARD_LIBRARIES = YES;
				BUNDLE_LOADER = "$(TEST_HOST)";
				CODE_SIGN_STYLE = Automatic;
				DEVELOPMENT_TEAM = P25XQ256JU;
				INFOPLIST_FILE = PetHealth_iOSTests/Info.plist;
				LD_RUNPATH_SEARCH_PATHS = (
					"$(inherited)",
					"@executable_path/Frameworks",
					"@loader_path/Frameworks",
				);
				PRODUCT_BUNDLE_IDENTIFIER = "com.pe.upc.PetHealth-iOSTests";
				PRODUCT_NAME = "$(TARGET_NAME)";
				SWIFT_VERSION = 5.0;
				TARGETED_DEVICE_FAMILY = "1,2";
				TEST_HOST = "$(BUILT_PRODUCTS_DIR)/PetHealth_iOS.app/PetHealth_iOS";
			};
			name = Release;
		};
		7665893022F27A3E00A56FB7 /* Debug */ = {
			isa = XCBuildConfiguration;
			buildSettings = {
				ALWAYS_EMBED_SWIFT_STANDARD_LIBRARIES = YES;
				CODE_SIGN_STYLE = Automatic;
				DEVELOPMENT_TEAM = P25XQ256JU;
				INFOPLIST_FILE = PetHealth_iOSUITests/Info.plist;
				LD_RUNPATH_SEARCH_PATHS = (
					"$(inherited)",
					"@executable_path/Frameworks",
					"@loader_path/Frameworks",
				);
				PRODUCT_BUNDLE_IDENTIFIER = "com.pe.upc.PetHealth-iOSUITests";
				PRODUCT_NAME = "$(TARGET_NAME)";
				SWIFT_VERSION = 5.0;
				TARGETED_DEVICE_FAMILY = "1,2";
				TEST_TARGET_NAME = PetHealth_iOS;
			};
			name = Debug;
		};
		7665893122F27A3E00A56FB7 /* Release */ = {
			isa = XCBuildConfiguration;
			buildSettings = {
				ALWAYS_EMBED_SWIFT_STANDARD_LIBRARIES = YES;
				CODE_SIGN_STYLE = Automatic;
				DEVELOPMENT_TEAM = P25XQ256JU;
				INFOPLIST_FILE = PetHealth_iOSUITests/Info.plist;
				LD_RUNPATH_SEARCH_PATHS = (
					"$(inherited)",
					"@executable_path/Frameworks",
					"@loader_path/Frameworks",
				);
				PRODUCT_BUNDLE_IDENTIFIER = "com.pe.upc.PetHealth-iOSUITests";
				PRODUCT_NAME = "$(TARGET_NAME)";
				SWIFT_VERSION = 5.0;
				TARGETED_DEVICE_FAMILY = "1,2";
				TEST_TARGET_NAME = PetHealth_iOS;
			};
			name = Release;
		};
/* End XCBuildConfiguration section */

/* Begin XCConfigurationList section */
		766588F922F27A3D00A56FB7 /* Build configuration list for PBXProject "PetHealth_iOS" */ = {
			isa = XCConfigurationList;
			buildConfigurations = (
				7665892722F27A3E00A56FB7 /* Debug */,
				7665892822F27A3E00A56FB7 /* Release */,
			);
			defaultConfigurationIsVisible = 0;
			defaultConfigurationName = Release;
		};
		7665892922F27A3E00A56FB7 /* Build configuration list for PBXNativeTarget "PetHealth_iOS" */ = {
			isa = XCConfigurationList;
			buildConfigurations = (
				7665892A22F27A3E00A56FB7 /* Debug */,
				7665892B22F27A3E00A56FB7 /* Release */,
			);
			defaultConfigurationIsVisible = 0;
			defaultConfigurationName = Release;
		};
		7665892C22F27A3E00A56FB7 /* Build configuration list for PBXNativeTarget "PetHealth_iOSTests" */ = {
			isa = XCConfigurationList;
			buildConfigurations = (
				7665892D22F27A3E00A56FB7 /* Debug */,
				7665892E22F27A3E00A56FB7 /* Release */,
			);
			defaultConfigurationIsVisible = 0;
			defaultConfigurationName = Release;
		};
		7665892F22F27A3E00A56FB7 /* Build configuration list for PBXNativeTarget "PetHealth_iOSUITests" */ = {
			isa = XCConfigurationList;
			buildConfigurations = (
				7665893022F27A3E00A56FB7 /* Debug */,
				7665893122F27A3E00A56FB7 /* Release */,
			);
			defaultConfigurationIsVisible = 0;
			defaultConfigurationName = Release;
		};
/* End XCConfigurationList section */

/* Begin XCVersionGroup section */
		7665890822F27A3D00A56FB7 /* PetHealth_iOS.xcdatamodeld */ = {
			isa = XCVersionGroup;
			children = (
				7665890922F27A3D00A56FB7 /* PetHealth_iOS.xcdatamodel */,
			);
			currentVersion = 7665890922F27A3D00A56FB7 /* PetHealth_iOS.xcdatamodel */;
			path = PetHealth_iOS.xcdatamodeld;
			sourceTree = "<group>";
			versionGroupType = wrapper.xcdatamodel;
		};
/* End XCVersionGroup section */
	};
	rootObject = 766588F622F27A3D00A56FB7 /* Project object */;
}
